
Microsoft Visual Studio Solution File, Format Version 12.00
# Visual Studio Version 17
VisualStudioVersion = 17.8.34408.163
MinimumVisualStudioVersion = 10.0.40219.1
Project("{FAE04EC0-301F-11D3-BF4B-00C04F79EFBC}") = "SalesWeb", "SalesWeb\SalesWeb.csproj", "{41495E1B-F2EA-412F-97B3-90CCC610DC62}"
EndProject
Global
	GlobalSection(SolutionConfigurationPlatforms) = preSolution
		Debug|Any CPU = Debug|Any CPU
		Release|Any CPU = Release|Any CPU
	EndGlobalSection
	GlobalSection(ProjectConfigurationPlatforms) = postSolution
		{41495E1B-F2EA-412F-97B3-90CCC610DC62}.Debug|Any CPU.ActiveCfg = Debug|Any CPU
		{41495E1B-F2EA-412F-97B3-90CCC610DC62}.Debug|Any CPU.Build.0 = Debug|Any CPU
		{41495E1B-F2EA-412F-97B3-90CCC610DC62}.Release|Any CPU.ActiveCfg = Release|Any CPU
		{41495E1B-F2EA-412F-97B3-90CCC610DC62}.Release|Any CPU.Build.0 = Release|Any CPU
	EndGlobalSection
	GlobalSection(SolutionProperties) = preSolution
		HideSolutionNode = FALSE
	EndGlobalSection
	GlobalSection(ExtensibilityGlobals) = postSolution
		SolutionGuid = {64D9CA58-EBDA-4B55-845C-B7627A9F1E83}
	EndGlobalSection
EndGlobal
